<?xml version="1.0" ?>
<Project xmlns="http://schemas.microsoft.com/developer/msbuild/2003" ToolsVersion="4.0">
	<ItemGroup>
		<Filter Include="../..">
			<UniqueIdentifier>{7DB8D7B7-3FAE-4329-A488-1C3BE8E464C7}</UniqueIdentifier>
		</Filter>
	</ItemGroup>
	<ItemGroup>
		<ClInclude Include="../../config-host.h">
			<Filter>../..</Filter>
		</ClInclude>
	</ItemGroup>
</Project>
