<?xml version="1.0" encoding="utf-8"?>
<Project xmlns="http://schemas.microsoft.com/developer/msbuild/2003" ToolsVersion="4.0">
  <ItemGroup>
    <Filter Include="hw/core">
      <UniqueIdentifier>{436F078C-A999-4C53-9F87-8087D50D4729}</UniqueIdentifier>
    </Filter>
    <Filter Include="qom">
      <UniqueIdentifier>{EA46176A-1F8F-4D15-A64F-2192645EE88D}</UniqueIdentifier>
    </Filter>
    <Filter Include="ui">
      <UniqueIdentifier>{238FDD10-597F-4AB2-BA1C-496A6592A34C}</UniqueIdentifier>
    </Filter>
    <Filter Include="ui\xui">
      <UniqueIdentifier>{E6B8551A-A9B8-4F40-9E66-3B36CF369B37}</UniqueIdentifier>
    </Filter>
    <Filter Include="hw/acpi">
      <UniqueIdentifier>{91929089-3DA2-45C7-AD5F-0BDCDBE4E5E1}</UniqueIdentifier>
    </Filter>
    <Filter Include="hw/audio">
      <UniqueIdentifier>{E1A6002B-3961-48E1-A370-978D44A63DB0}</UniqueIdentifier>
    </Filter>
    <Filter Include="hw/block">
      <UniqueIdentifier>{83F63414-F3F2-4D59-BAB3-9EDAAAE90B34}</UniqueIdentifier>
    </Filter>
    <Filter Include="hw/char">
      <UniqueIdentifier>{EA97B47E-C799-4C59-8B2D-4BF163EAA041}</UniqueIdentifier>
    </Filter>
    <Filter Include="hw/cpu">
      <UniqueIdentifier>{826A1D09-9F82-4CD4-B6F4-993C455CBA49}</UniqueIdentifier>
    </Filter>
    <Filter Include="hw/cxl">
      <UniqueIdentifier>{A56DC82E-662D-499C-AF01-B60452435B4E}</UniqueIdentifier>
    </Filter>
    <Filter Include="hw/display">
      <UniqueIdentifier>{349300EC-159A-4F8B-A44F-6A69A35134F8}</UniqueIdentifier>
    </Filter>
    <Filter Include="hw/dma">
      <UniqueIdentifier>{78CA512F-6FED-4E2B-A1BC-2797ACA9CAED}</UniqueIdentifier>
    </Filter>
    <Filter Include="hw/i2c">
      <UniqueIdentifier>{45A1E27F-D518-4A44-8C98-CF908329B84A}</UniqueIdentifier>
    </Filter>
    <Filter Include="hw/ide">
      <UniqueIdentifier>{01E965D6-E9E3-47C7-9ACC-C4166001A64D}</UniqueIdentifier>
    </Filter>
    <Filter Include="hw/input">
      <UniqueIdentifier>{C639E268-48EB-4ED6-8B0D-0CEB7E02B855}</UniqueIdentifier>
    </Filter>
    <Filter Include="hw/intc">
      <UniqueIdentifier>{BED1489D-5F12-4A53-91E6-EE901951B007}</UniqueIdentifier>
    </Filter>
    <Filter Include="hw/ipack">
      <UniqueIdentifier>{35C64825-505B-4695-9A63-ACE6094139F1}</UniqueIdentifier>
    </Filter>
    <Filter Include="hw/ipmi">
      <UniqueIdentifier>{F008F58D-F1F8-4C53-B0A7-C1033413D470}</UniqueIdentifier>
    </Filter>
    <Filter Include="hw/isa">
      <UniqueIdentifier>{4F0945D2-3A38-4908-BAD1-A0E0A26C2073}</UniqueIdentifier>
    </Filter>
    <Filter Include="hw/mem">
      <UniqueIdentifier>{9CA6F166-E0AA-4944-96E4-472FCAE3D7F7}</UniqueIdentifier>
    </Filter>
    <Filter Include="hw/misc">
      <UniqueIdentifier>{7C2D95A3-3912-4577-A2AB-DF9401562796}</UniqueIdentifier>
    </Filter>
    <Filter Include="hw/net">
      <UniqueIdentifier>{F2E0659F-ECAE-44E3-B034-0D7A5A17086E}</UniqueIdentifier>
    </Filter>
    <Filter Include="hw/net\rocker">
      <UniqueIdentifier>{9B40BDE0-39D3-4678-9BDA-B11FC355C4A9}</UniqueIdentifier>
    </Filter>
    <Filter Include="hw/net\can">
      <UniqueIdentifier>{FA16DFFE-FFDF-4BDB-A50B-A461797274BB}</UniqueIdentifier>
    </Filter>
    <Filter Include="hw/nvme">
      <UniqueIdentifier>{CD3993A7-DE7C-4583-8CB7-97977A34538C}</UniqueIdentifier>
    </Filter>
    <Filter Include="hw/nvram">
      <UniqueIdentifier>{1DB291E0-904A-4064-9EFE-6F34B94A739F}</UniqueIdentifier>
    </Filter>
    <Filter Include="hw/pci">
      <UniqueIdentifier>{1FFD1C50-252B-48A6-ADCC-58F6D97FF339}</UniqueIdentifier>
    </Filter>
    <Filter Include="hw/pci-bridge">
      <UniqueIdentifier>{ACBDB0F0-1472-4CB3-AD41-7F8B8567C940}</UniqueIdentifier>
    </Filter>
    <Filter Include="hw/pci-host">
      <UniqueIdentifier>{EBE8991B-61F9-4BD2-8283-FCB7D4841767}</UniqueIdentifier>
    </Filter>
    <Filter Include="hw/scsi">
      <UniqueIdentifier>{FD089853-AAAB-47C3-8085-383D0C178211}</UniqueIdentifier>
    </Filter>
    <Filter Include="hw/sd">
      <UniqueIdentifier>{5EDDD1EC-E8B6-4516-89B4-60A9A0D87317}</UniqueIdentifier>
    </Filter>
    <Filter Include="hw/smbios">
      <UniqueIdentifier>{CDC465A1-5B4D-4607-81ED-BF663D967B23}</UniqueIdentifier>
    </Filter>
    <Filter Include="hw/timer">
      <UniqueIdentifier>{F8902585-8739-4634-AC29-11BA918EB384}</UniqueIdentifier>
    </Filter>
    <Filter Include="hw/usb">
      <UniqueIdentifier>{AB24465D-CA54-47CB-9E8F-95C3F3C7417E}</UniqueIdentifier>
    </Filter>
    <Filter Include="hw/virtio">
      <UniqueIdentifier>{1B95F7BB-1505-4ACD-B168-49F58788D94A}</UniqueIdentifier>
    </Filter>
    <Filter Include="hw/watchdog">
      <UniqueIdentifier>{CBD728C7-5CC8-46F4-BA2E-200CA61CA22F}</UniqueIdentifier>
    </Filter>
    <Filter Include="hw/xbox/nv2a/gl">
      <UniqueIdentifier>{BC41D90B-7A39-487C-B176-B5541C630853}</UniqueIdentifier>
    </Filter>
    <Filter Include="gdbstub">
      <UniqueIdentifier>{DCE53245-5CB4-455C-9ABA-5D8718655D01}</UniqueIdentifier>
    </Filter>
    <Filter Include="winpcap-loader">
      <UniqueIdentifier>{402CCA97-AF53-4C0E-863E-BD9A8708CDE7}</UniqueIdentifier>
    </Filter>
    <Filter Include="audio">
      <UniqueIdentifier>{7D38F48B-0098-41CD-AE52-218CFA8CD948}</UniqueIdentifier>
    </Filter>
    <Filter Include="chardev">
      <UniqueIdentifier>{7B503215-78D8-4E3D-A59F-FAF8BDAF1B05}</UniqueIdentifier>
    </Filter>
    <Filter Include="dump">
      <UniqueIdentifier>{02D919DB-BA25-4D63-9EF4-386A0B3A470D}</UniqueIdentifier>
    </Filter>
    <Filter Include="block">
      <UniqueIdentifier>{A1D63A43-33B8-437B-9010-13EAA66B2614}</UniqueIdentifier>
    </Filter>
    <Filter Include="block\monitor">
      <UniqueIdentifier>{B47441A6-51A8-4223-A1C3-D4B03CC08440}</UniqueIdentifier>
    </Filter>
    <Filter Include="softmmu">
      <UniqueIdentifier>{C72D962C-C489-4A34-B70C-140E80D1A349}</UniqueIdentifier>
    </Filter>
    <Filter Include="backends">
      <UniqueIdentifier>{A6292A75-9CBC-4B04-B5CF-0B7B7A3EB57D}</UniqueIdentifier>
    </Filter>
    <Filter Include="migration">
      <UniqueIdentifier>{3FBCAF3F-09B6-4A17-AFC2-F1C5A714C718}</UniqueIdentifier>
    </Filter>
    <Filter Include="monitor">
      <UniqueIdentifier>{73DA4161-1FC7-4D52-92F3-B20BCA30EEA2}</UniqueIdentifier>
    </Filter>
    <Filter Include="net">
      <UniqueIdentifier>{B5757F96-636E-46FC-97B5-EF17C407C605}</UniqueIdentifier>
    </Filter>
    <Filter Include="net\can">
      <UniqueIdentifier>{0A4FD86F-B5C4-4BD3-9C23-82FAA16E6841}</UniqueIdentifier>
    </Filter>
    <Filter Include="replay">
      <UniqueIdentifier>{E0C53114-27B6-4665-A04A-C8C103198604}</UniqueIdentifier>
    </Filter>
    <Filter Include="accel">
      <UniqueIdentifier>{59A123C3-A8C0-4181-91B7-2DDE3354F2C6}</UniqueIdentifier>
    </Filter>
    <Filter Include="ebpf">
      <UniqueIdentifier>{A5318792-6CC1-4EAD-8168-6C0EF0A6A8BD}</UniqueIdentifier>
    </Filter>
  </ItemGroup>
  <ItemGroup>
    <ClCompile Include="../hw/core/cpu-common.c">
      <Filter>hw/core</Filter>
    </ClCompile>
    <ClCompile Include="../hw/core/machine-smp.c">
      <Filter>hw/core</Filter>
    </ClCompile>
    <ClCompile Include="../qom/qom-hmp-cmds.c">
      <Filter>qom</Filter>
    </ClCompile>
    <ClCompile Include="../ui/clipboard.c">
      <Filter>ui</Filter>
    </ClCompile>
    <ClCompile Include="../ui/console.c">
      <Filter>ui</Filter>
    </ClCompile>
    <ClCompile Include="../ui/cursor.c">
      <Filter>ui</Filter>
    </ClCompile>
    <ClCompile Include="../ui/input-keymap.c">
      <Filter>ui</Filter>
    </ClCompile>
    <ClCompile Include="../ui/input-legacy.c">
      <Filter>ui</Filter>
    </ClCompile>
    <ClCompile Include="../ui/input-barrier.c">
      <Filter>ui</Filter>
    </ClCompile>
    <ClCompile Include="../ui/input.c">
      <Filter>ui</Filter>
    </ClCompile>
    <ClCompile Include="../ui/kbd-state.c">
      <Filter>ui</Filter>
    </ClCompile>
    <ClCompile Include="../ui/keymaps.c">
      <Filter>ui</Filter>
    </ClCompile>
    <ClCompile Include="../ui/qemu-pixman.c">
      <Filter>ui</Filter>
    </ClCompile>
    <ClCompile Include="../ui/util.c">
      <Filter>ui</Filter>
    </ClCompile>
    <ClCompile Include="../ui/xemu-input.c">
      <Filter>ui</Filter>
    </ClCompile>
    <ClCompile Include="../ui/xemu-monitor.c">
      <Filter>ui</Filter>
    </ClCompile>
    <ClCompile Include="../ui/xemu-net.c">
      <Filter>ui</Filter>
    </ClCompile>
    <ClCompile Include="../ui/xemu-settings.cc">
      <Filter>ui</Filter>
    </ClCompile>
    <ClCompile Include="../ui/xemu.c">
      <Filter>ui</Filter>
    </ClCompile>
    <ClCompile Include="../ui/xemu-data.c">
      <Filter>ui</Filter>
    </ClCompile>
    <ClCompile Include="../ui/xemu-snapshots.c">
      <Filter>ui</Filter>
    </ClCompile>
    <ClCompile Include="../ui/xemu-thumbnail.cc">
      <Filter>ui</Filter>
    </ClCompile>
    <ClCompile Include="../ui/xemu-widescreen.c">
      <Filter>ui</Filter>
    </ClCompile>
    <ClCompile Include="../ui/xui/actions.cc">
      <Filter>ui\xui</Filter>
    </ClCompile>
    <ClCompile Include="../ui/xui/animation.cc">
      <Filter>ui\xui</Filter>
    </ClCompile>
    <ClCompile Include="../ui/xui/compat.cc">
      <Filter>ui\xui</Filter>
    </ClCompile>
    <ClCompile Include="../ui/xui/debug.cc">
      <Filter>ui\xui</Filter>
    </ClCompile>
    <ClCompile Include="../ui/xui/font-manager.cc">
      <Filter>ui\xui</Filter>
    </ClCompile>
    <ClCompile Include="../ui/xui/gl-helpers.cc">
      <Filter>ui\xui</Filter>
    </ClCompile>
    <ClCompile Include="../ui/xui/input-manager.cc">
      <Filter>ui\xui</Filter>
    </ClCompile>
    <ClCompile Include="../ui/xui/main-menu.cc">
      <Filter>ui\xui</Filter>
    </ClCompile>
    <ClCompile Include="../ui/xui/main.cc">
      <Filter>ui\xui</Filter>
    </ClCompile>
    <ClCompile Include="../ui/xui/menubar.cc">
      <Filter>ui\xui</Filter>
    </ClCompile>
    <ClCompile Include="../ui/xui/monitor.cc">
      <Filter>ui\xui</Filter>
    </ClCompile>
    <ClCompile Include="../ui/xui/notifications.cc">
      <Filter>ui\xui</Filter>
    </ClCompile>
    <ClCompile Include="../ui/xui/popup-menu.cc">
      <Filter>ui\xui</Filter>
    </ClCompile>
    <ClCompile Include="../ui/xui/reporting.cc">
      <Filter>ui\xui</Filter>
    </ClCompile>
    <ClCompile Include="../ui/xui/scene-components.cc">
      <Filter>ui\xui</Filter>
    </ClCompile>
    <ClCompile Include="../ui/xui/scene-manager.cc">
      <Filter>ui\xui</Filter>
    </ClCompile>
    <ClCompile Include="../ui/xui/scene.cc">
      <Filter>ui\xui</Filter>
    </ClCompile>
    <ClCompile Include="../ui/xui/snapshot-manager.cc">
      <Filter>ui\xui</Filter>
    </ClCompile>
    <ClCompile Include="../ui/xui/viewport-manager.cc">
      <Filter>ui\xui</Filter>
    </ClCompile>
    <ClCompile Include="../ui/xui/welcome.cc">
      <Filter>ui\xui</Filter>
    </ClCompile>
    <ClCompile Include="../ui/xui/widgets.cc">
      <Filter>ui\xui</Filter>
    </ClCompile>
    <ClCompile Include="../ui/xui/update.cc">
      <Filter>ui\xui</Filter>
    </ClCompile>
    <ClCompile Include="../ui/xemu-os-utils-windows.c">
      <Filter>ui</Filter>
    </ClCompile>
    <ClCompile Include="../ui/spice-module.c">
      <Filter>ui</Filter>
    </ClCompile>
    <ClCompile Include="../ui/vnc.c">
      <Filter>ui</Filter>
    </ClCompile>
    <ClCompile Include="../ui/vnc-enc-zlib.c">
      <Filter>ui</Filter>
    </ClCompile>
    <ClCompile Include="../ui/vnc-enc-hextile.c">
      <Filter>ui</Filter>
    </ClCompile>
    <ClCompile Include="../ui/vnc-enc-tight.c">
      <Filter>ui</Filter>
    </ClCompile>
    <ClCompile Include="../ui/vnc-palette.c">
      <Filter>ui</Filter>
    </ClCompile>
    <ClCompile Include="../ui/vnc-enc-zrle.c">
      <Filter>ui</Filter>
    </ClCompile>
    <ClCompile Include="../ui/vnc-auth-vencrypt.c">
      <Filter>ui</Filter>
    </ClCompile>
    <ClCompile Include="../ui/vnc-ws.c">
      <Filter>ui</Filter>
    </ClCompile>
    <ClCompile Include="../ui/vnc-jobs.c">
      <Filter>ui</Filter>
    </ClCompile>
    <ClCompile Include="../ui/vnc-clipboard.c">
      <Filter>ui</Filter>
    </ClCompile>
    <ClCompile Include="../hw/acpi/acpi_interface.c">
      <Filter>hw/acpi</Filter>
    </ClCompile>
    <ClCompile Include="../hw/acpi/aml-build.c">
      <Filter>hw/acpi</Filter>
    </ClCompile>
    <ClCompile Include="../hw/acpi/bios-linker-loader.c">
      <Filter>hw/acpi</Filter>
    </ClCompile>
    <ClCompile Include="../hw/acpi/core.c">
      <Filter>hw/acpi</Filter>
    </ClCompile>
    <ClCompile Include="../hw/acpi/utils.c">
      <Filter>hw/acpi</Filter>
    </ClCompile>
    <ClCompile Include="../hw/acpi/cpu.c">
      <Filter>hw/acpi</Filter>
    </ClCompile>
    <ClCompile Include="../hw/acpi/cpu_hotplug.c">
      <Filter>hw/acpi</Filter>
    </ClCompile>
    <ClCompile Include="../hw/acpi/memory_hotplug.c">
      <Filter>hw/acpi</Filter>
    </ClCompile>
    <ClCompile Include="../hw/acpi/nvdimm.c">
      <Filter>hw/acpi</Filter>
    </ClCompile>
    <ClCompile Include="../hw/acpi/pci.c">
      <Filter>hw/acpi</Filter>
    </ClCompile>
    <ClCompile Include="../hw/acpi/cxl.c">
      <Filter>hw/acpi</Filter>
    </ClCompile>
    <ClCompile Include="../hw/acpi/vmgenid.c">
      <Filter>hw/acpi</Filter>
    </ClCompile>
    <ClCompile Include="../hw/acpi/hmat.c">
      <Filter>hw/acpi</Filter>
    </ClCompile>
    <ClCompile Include="../hw/acpi/ghes-stub.c">
      <Filter>hw/acpi</Filter>
    </ClCompile>
    <ClCompile Include="../hw/acpi/piix4.c">
      <Filter>hw/acpi</Filter>
    </ClCompile>
    <ClCompile Include="../hw/acpi/pcihp.c">
      <Filter>hw/acpi</Filter>
    </ClCompile>
    <ClCompile Include="../hw/acpi/viot.c">
      <Filter>hw/acpi</Filter>
    </ClCompile>
    <ClCompile Include="../hw/acpi/erst.c">
      <Filter>hw/acpi</Filter>
    </ClCompile>
    <ClCompile Include="../hw/acpi/ipmi.c">
      <Filter>hw/acpi</Filter>
    </ClCompile>
    <ClCompile Include="../hw/acpi/acpi-stub.c">
      <Filter>hw/acpi</Filter>
    </ClCompile>
    <ClCompile Include="../hw/acpi/aml-build-stub.c">
      <Filter>hw/acpi</Filter>
    </ClCompile>
    <ClCompile Include="../hw/acpi/acpi-x86-stub.c">
      <Filter>hw/acpi</Filter>
    </ClCompile>
    <ClCompile Include="../hw/acpi/ipmi-stub.c">
      <Filter>hw/acpi</Filter>
    </ClCompile>
    <ClCompile Include="../hw/acpi/acpi-mem-hotplug-stub.c">
      <Filter>hw/acpi</Filter>
    </ClCompile>
    <ClCompile Include="../hw/acpi/acpi-cpu-hotplug-stub.c">
      <Filter>hw/acpi</Filter>
    </ClCompile>
    <ClCompile Include="../hw/acpi/acpi-pci-hotplug-stub.c">
      <Filter>hw/acpi</Filter>
    </ClCompile>
    <ClCompile Include="../hw/acpi/acpi-nvdimm-stub.c">
      <Filter>hw/acpi</Filter>
    </ClCompile>
    <ClCompile Include="../hw/acpi/cxl-stub.c">
      <Filter>hw/acpi</Filter>
    </ClCompile>
    <ClCompile Include="../hw/audio/soundhw.c">
      <Filter>hw/audio</Filter>
    </ClCompile>
    <ClCompile Include="../hw/audio/ac97.c">
      <Filter>hw/audio</Filter>
    </ClCompile>
    <ClCompile Include="../hw/audio/fmopl.c">
      <Filter>hw/audio</Filter>
    </ClCompile>
    <ClCompile Include="../hw/audio/adlib.c">
      <Filter>hw/audio</Filter>
    </ClCompile>
    <ClCompile Include="../hw/audio/cs4231a.c">
      <Filter>hw/audio</Filter>
    </ClCompile>
    <ClCompile Include="../hw/audio/es1370.c">
      <Filter>hw/audio</Filter>
    </ClCompile>
    <ClCompile Include="../hw/audio/gus.c">
      <Filter>hw/audio</Filter>
    </ClCompile>
    <ClCompile Include="../hw/audio/gusemu_hal.c">
      <Filter>hw/audio</Filter>
    </ClCompile>
    <ClCompile Include="../hw/audio/gusemu_mixer.c">
      <Filter>hw/audio</Filter>
    </ClCompile>
    <ClCompile Include="../hw/audio/intel-hda.c">
      <Filter>hw/audio</Filter>
    </ClCompile>
    <ClCompile Include="../hw/audio/hda-codec.c">
      <Filter>hw/audio</Filter>
    </ClCompile>
    <ClCompile Include="../hw/audio/pcspk.c">
      <Filter>hw/audio</Filter>
    </ClCompile>
    <ClCompile Include="../hw/audio/sb16.c">
      <Filter>hw/audio</Filter>
    </ClCompile>
    <ClCompile Include="../hw/block/block.c">
      <Filter>hw/block</Filter>
    </ClCompile>
    <ClCompile Include="../hw/block/cdrom.c">
      <Filter>hw/block</Filter>
    </ClCompile>
    <ClCompile Include="../hw/block/hd-geometry.c">
      <Filter>hw/block</Filter>
    </ClCompile>
    <ClCompile Include="../hw/block/fdc.c">
      <Filter>hw/block</Filter>
    </ClCompile>
    <ClCompile Include="../hw/block/fdc-isa.c">
      <Filter>hw/block</Filter>
    </ClCompile>
    <ClCompile Include="../hw/block/pflash_cfi01.c">
      <Filter>hw/block</Filter>
    </ClCompile>
    <ClCompile Include="../hw/char/ipoctal232.c">
      <Filter>hw/char</Filter>
    </ClCompile>
    <ClCompile Include="../hw/char/parallel-isa.c">
      <Filter>hw/char</Filter>
    </ClCompile>
    <ClCompile Include="../hw/char/debugcon.c">
      <Filter>hw/char</Filter>
    </ClCompile>
    <ClCompile Include="../hw/char/parallel.c">
      <Filter>hw/char</Filter>
    </ClCompile>
    <ClCompile Include="../hw/char/serial.c">
      <Filter>hw/char</Filter>
    </ClCompile>
    <ClCompile Include="../hw/char/serial-isa.c">
      <Filter>hw/char</Filter>
    </ClCompile>
    <ClCompile Include="../hw/char/serial-pci.c">
      <Filter>hw/char</Filter>
    </ClCompile>
    <ClCompile Include="../hw/char/serial-pci-multi.c">
      <Filter>hw/char</Filter>
    </ClCompile>
    <ClCompile Include="../hw/char/virtio-console.c">
      <Filter>hw/char</Filter>
    </ClCompile>
    <ClCompile Include="../hw/core/generic-loader.c">
      <Filter>hw/core</Filter>
    </ClCompile>
    <ClCompile Include="../hw/core/guest-loader.c">
      <Filter>hw/core</Filter>
    </ClCompile>
    <ClCompile Include="../hw/core/cpu-sysemu.c">
      <Filter>hw/core</Filter>
    </ClCompile>
    <ClCompile Include="../hw/core/fw-path-provider.c">
      <Filter>hw/core</Filter>
    </ClCompile>
    <ClCompile Include="../hw/core/gpio.c">
      <Filter>hw/core</Filter>
    </ClCompile>
    <ClCompile Include="../hw/core/loader.c">
      <Filter>hw/core</Filter>
    </ClCompile>
    <ClCompile Include="../hw/core/machine-hmp-cmds.c">
      <Filter>hw/core</Filter>
    </ClCompile>
    <ClCompile Include="../hw/core/machine.c">
      <Filter>hw/core</Filter>
    </ClCompile>
    <ClCompile Include="../hw/core/nmi.c">
      <Filter>hw/core</Filter>
    </ClCompile>
    <ClCompile Include="../hw/core/null-machine.c">
      <Filter>hw/core</Filter>
    </ClCompile>
    <ClCompile Include="../hw/core/qdev-fw.c">
      <Filter>hw/core</Filter>
    </ClCompile>
    <ClCompile Include="../hw/core/qdev-properties-system.c">
      <Filter>hw/core</Filter>
    </ClCompile>
    <ClCompile Include="../hw/core/sysbus.c">
      <Filter>hw/core</Filter>
    </ClCompile>
    <ClCompile Include="../hw/core/vm-change-state-handler.c">
      <Filter>hw/core</Filter>
    </ClCompile>
    <ClCompile Include="../hw/core/clock-vmstate.c">
      <Filter>hw/core</Filter>
    </ClCompile>
    <ClCompile Include="../hw/cpu/core.c">
      <Filter>hw/cpu</Filter>
    </ClCompile>
    <ClCompile Include="../hw/cpu/cluster.c">
      <Filter>hw/cpu</Filter>
    </ClCompile>
    <ClCompile Include="../hw/cxl/cxl-host-stubs.c">
      <Filter>hw/cxl</Filter>
    </ClCompile>
    <ClCompile Include="../hw/display/i2c-ddc.c">
      <Filter>hw/display</Filter>
    </ClCompile>
    <ClCompile Include="../hw/display/edid-generate.c">
      <Filter>hw/display</Filter>
    </ClCompile>
    <ClCompile Include="../hw/display/edid-region.c">
      <Filter>hw/display</Filter>
    </ClCompile>
    <ClCompile Include="../hw/display/cirrus_vga.c">
      <Filter>hw/display</Filter>
    </ClCompile>
    <ClCompile Include="../hw/display/vga-pci.c">
      <Filter>hw/display</Filter>
    </ClCompile>
    <ClCompile Include="../hw/display/vmware_vga.c">
      <Filter>hw/display</Filter>
    </ClCompile>
    <ClCompile Include="../hw/display/bochs-display.c">
      <Filter>hw/display</Filter>
    </ClCompile>
    <ClCompile Include="../hw/display/acpi-vga.c">
      <Filter>hw/display</Filter>
    </ClCompile>
    <ClCompile Include="../hw/display/ati.c">
      <Filter>hw/display</Filter>
    </ClCompile>
    <ClCompile Include="../hw/display/ati_2d.c">
      <Filter>hw/display</Filter>
    </ClCompile>
    <ClCompile Include="../hw/display/ati_dbg.c">
      <Filter>hw/display</Filter>
    </ClCompile>
    <ClCompile Include="../hw/display/acpi-vga-stub.c">
      <Filter>hw/display</Filter>
    </ClCompile>
    <ClCompile Include="../hw/dma/i8257.c">
      <Filter>hw/dma</Filter>
    </ClCompile>
    <ClCompile Include="../hw/i2c/core.c">
      <Filter>hw/i2c</Filter>
    </ClCompile>
    <ClCompile Include="../hw/i2c/smbus_slave.c">
      <Filter>hw/i2c</Filter>
    </ClCompile>
    <ClCompile Include="../hw/i2c/smbus_master.c">
      <Filter>hw/i2c</Filter>
    </ClCompile>
    <ClCompile Include="../hw/i2c/pm_smbus.c">
      <Filter>hw/i2c</Filter>
    </ClCompile>
    <ClCompile Include="../hw/i2c/bitbang_i2c.c">
      <Filter>hw/i2c</Filter>
    </ClCompile>
    <ClCompile Include="../hw/i2c/smbus_eeprom.c">
      <Filter>hw/i2c</Filter>
    </ClCompile>
    <ClCompile Include="../hw/ide/ahci.c">
      <Filter>hw/ide</Filter>
    </ClCompile>
    <ClCompile Include="../hw/ide/ich.c">
      <Filter>hw/ide</Filter>
    </ClCompile>
    <ClCompile Include="../hw/ide/core.c">
      <Filter>hw/ide</Filter>
    </ClCompile>
    <ClCompile Include="../hw/ide/atapi.c">
      <Filter>hw/ide</Filter>
    </ClCompile>
    <ClCompile Include="../hw/ide/pci.c">
      <Filter>hw/ide</Filter>
    </ClCompile>
    <ClCompile Include="../hw/ide/piix.c">
      <Filter>hw/ide</Filter>
    </ClCompile>
    <ClCompile Include="../hw/ide/ioport.c">
      <Filter>hw/ide</Filter>
    </ClCompile>
    <ClCompile Include="../hw/ide/qdev.c">
      <Filter>hw/ide</Filter>
    </ClCompile>
    <ClCompile Include="../hw/input/hid.c">
      <Filter>hw/input</Filter>
    </ClCompile>
    <ClCompile Include="../hw/input/pckbd.c">
      <Filter>hw/input</Filter>
    </ClCompile>
    <ClCompile Include="../hw/input/ps2.c">
      <Filter>hw/input</Filter>
    </ClCompile>
    <ClCompile Include="../hw/input/virtio-input.c">
      <Filter>hw/input</Filter>
    </ClCompile>
    <ClCompile Include="../hw/input/virtio-input-hid.c">
      <Filter>hw/input</Filter>
    </ClCompile>
    <ClCompile Include="../hw/intc/intc.c">
      <Filter>hw/intc</Filter>
    </ClCompile>
    <ClCompile Include="../hw/intc/i8259_common.c">
      <Filter>hw/intc</Filter>
    </ClCompile>
    <ClCompile Include="../hw/intc/i8259.c">
      <Filter>hw/intc</Filter>
    </ClCompile>
    <ClCompile Include="../hw/intc/ioapic_common.c">
      <Filter>hw/intc</Filter>
    </ClCompile>
    <ClCompile Include="../hw/ipack/ipack.c">
      <Filter>hw/ipack</Filter>
    </ClCompile>
    <ClCompile Include="../hw/ipack/tpci200.c">
      <Filter>hw/ipack</Filter>
    </ClCompile>
    <ClCompile Include="../hw/ipmi/ipmi.c">
      <Filter>hw/ipmi</Filter>
    </ClCompile>
    <ClCompile Include="../hw/ipmi/ipmi_kcs.c">
      <Filter>hw/ipmi</Filter>
    </ClCompile>
    <ClCompile Include="../hw/ipmi/ipmi_bt.c">
      <Filter>hw/ipmi</Filter>
    </ClCompile>
    <ClCompile Include="../hw/ipmi/ipmi_bmc_sim.c">
      <Filter>hw/ipmi</Filter>
    </ClCompile>
    <ClCompile Include="../hw/ipmi/ipmi_bmc_extern.c">
      <Filter>hw/ipmi</Filter>
    </ClCompile>
    <ClCompile Include="../hw/ipmi/isa_ipmi_kcs.c">
      <Filter>hw/ipmi</Filter>
    </ClCompile>
    <ClCompile Include="../hw/ipmi/pci_ipmi_kcs.c">
      <Filter>hw/ipmi</Filter>
    </ClCompile>
    <ClCompile Include="../hw/ipmi/isa_ipmi_bt.c">
      <Filter>hw/ipmi</Filter>
    </ClCompile>
    <ClCompile Include="../hw/ipmi/pci_ipmi_bt.c">
      <Filter>hw/ipmi</Filter>
    </ClCompile>
    <ClCompile Include="../hw/ipmi/smbus_ipmi.c">
      <Filter>hw/ipmi</Filter>
    </ClCompile>
    <ClCompile Include="../hw/isa/apm.c">
      <Filter>hw/isa</Filter>
    </ClCompile>
    <ClCompile Include="../hw/isa/isa-bus.c">
      <Filter>hw/isa</Filter>
    </ClCompile>
    <ClCompile Include="../hw/isa/piix3.c">
      <Filter>hw/isa</Filter>
    </ClCompile>
    <ClCompile Include="../hw/mem/memory-device.c">
      <Filter>hw/mem</Filter>
    </ClCompile>
    <ClCompile Include="../hw/mem/pc-dimm.c">
      <Filter>hw/mem</Filter>
    </ClCompile>
    <ClCompile Include="../hw/mem/nvdimm.c">
      <Filter>hw/mem</Filter>
    </ClCompile>
    <ClCompile Include="../hw/misc/applesmc.c">
      <Filter>hw/misc</Filter>
    </ClCompile>
    <ClCompile Include="../hw/misc/edu.c">
      <Filter>hw/misc</Filter>
    </ClCompile>
    <ClCompile Include="../hw/misc/debugexit.c">
      <Filter>hw/misc</Filter>
    </ClCompile>
    <ClCompile Include="../hw/misc/pc-testdev.c">
      <Filter>hw/misc</Filter>
    </ClCompile>
    <ClCompile Include="../hw/misc/pci-testdev.c">
      <Filter>hw/misc</Filter>
    </ClCompile>
    <ClCompile Include="../hw/misc/sga.c">
      <Filter>hw/misc</Filter>
    </ClCompile>
    <ClCompile Include="../hw/misc/pvpanic.c">
      <Filter>hw/misc</Filter>
    </ClCompile>
    <ClCompile Include="../hw/misc/pvpanic-isa.c">
      <Filter>hw/misc</Filter>
    </ClCompile>
    <ClCompile Include="../hw/misc/pvpanic-pci.c">
      <Filter>hw/misc</Filter>
    </ClCompile>
    <ClCompile Include="../hw/net/ne2000.c">
      <Filter>hw/net</Filter>
    </ClCompile>
    <ClCompile Include="../hw/net/ne2000-pci.c">
      <Filter>hw/net</Filter>
    </ClCompile>
    <ClCompile Include="../hw/net/eepro100.c">
      <Filter>hw/net</Filter>
    </ClCompile>
    <ClCompile Include="../hw/net/pcnet-pci.c">
      <Filter>hw/net</Filter>
    </ClCompile>
    <ClCompile Include="../hw/net/pcnet.c">
      <Filter>hw/net</Filter>
    </ClCompile>
    <ClCompile Include="../hw/net/e1000.c">
      <Filter>hw/net</Filter>
    </ClCompile>
    <ClCompile Include="../hw/net/e1000x_common.c">
      <Filter>hw/net</Filter>
    </ClCompile>
    <ClCompile Include="../hw/net/rtl8139.c">
      <Filter>hw/net</Filter>
    </ClCompile>
    <ClCompile Include="../hw/net/tulip.c">
      <Filter>hw/net</Filter>
    </ClCompile>
    <ClCompile Include="../hw/net/net_tx_pkt.c">
      <Filter>hw/net</Filter>
    </ClCompile>
    <ClCompile Include="../hw/net/net_rx_pkt.c">
      <Filter>hw/net</Filter>
    </ClCompile>
    <ClCompile Include="../hw/net/vmxnet3.c">
      <Filter>hw/net</Filter>
    </ClCompile>
    <ClCompile Include="../hw/net/ne2000-isa.c">
      <Filter>hw/net</Filter>
    </ClCompile>
    <ClCompile Include="../hw/net/vhost_net-stub.c">
      <Filter>hw/net</Filter>
    </ClCompile>
    <ClCompile Include="../hw/net/rocker/rocker.c">
      <Filter>hw/net\rocker</Filter>
    </ClCompile>
    <ClCompile Include="../hw/net/rocker/rocker_desc.c">
      <Filter>hw/net\rocker</Filter>
    </ClCompile>
    <ClCompile Include="../hw/net/rocker/rocker_fp.c">
      <Filter>hw/net\rocker</Filter>
    </ClCompile>
    <ClCompile Include="../hw/net/rocker/rocker_of_dpa.c">
      <Filter>hw/net\rocker</Filter>
    </ClCompile>
    <ClCompile Include="../hw/net/rocker/rocker_world.c">
      <Filter>hw/net\rocker</Filter>
    </ClCompile>
    <ClCompile Include="../hw/net/rocker/qmp-norocker.c">
      <Filter>hw/net\rocker</Filter>
    </ClCompile>
    <ClCompile Include="../hw/net/can/can_sja1000.c">
      <Filter>hw/net\can</Filter>
    </ClCompile>
    <ClCompile Include="../hw/net/can/can_kvaser_pci.c">
      <Filter>hw/net\can</Filter>
    </ClCompile>
    <ClCompile Include="../hw/net/can/can_pcm3680_pci.c">
      <Filter>hw/net\can</Filter>
    </ClCompile>
    <ClCompile Include="../hw/net/can/can_mioe3680_pci.c">
      <Filter>hw/net\can</Filter>
    </ClCompile>
    <ClCompile Include="../hw/net/can/ctucan_core.c">
      <Filter>hw/net\can</Filter>
    </ClCompile>
    <ClCompile Include="../hw/net/can/ctucan_pci.c">
      <Filter>hw/net\can</Filter>
    </ClCompile>
    <ClCompile Include="../hw/nvme/ctrl.c">
      <Filter>hw/nvme</Filter>
    </ClCompile>
    <ClCompile Include="../hw/nvme/dif.c">
      <Filter>hw/nvme</Filter>
    </ClCompile>
    <ClCompile Include="../hw/nvme/ns.c">
      <Filter>hw/nvme</Filter>
    </ClCompile>
    <ClCompile Include="../hw/nvme/subsys.c">
      <Filter>hw/nvme</Filter>
    </ClCompile>
    <ClCompile Include="../hw/nvram/fw_cfg.c">
      <Filter>hw/nvram</Filter>
    </ClCompile>
    <ClCompile Include="../hw/nvram/eeprom93xx.c">
      <Filter>hw/nvram</Filter>
    </ClCompile>
    <ClCompile Include="../hw/pci/msi.c">
      <Filter>hw/pci</Filter>
    </ClCompile>
    <ClCompile Include="../hw/pci/msix.c">
      <Filter>hw/pci</Filter>
    </ClCompile>
    <ClCompile Include="../hw/pci/pci.c">
      <Filter>hw/pci</Filter>
    </ClCompile>
    <ClCompile Include="../hw/pci/pci_bridge.c">
      <Filter>hw/pci</Filter>
    </ClCompile>
    <ClCompile Include="../hw/pci/pci_host.c">
      <Filter>hw/pci</Filter>
    </ClCompile>
    <ClCompile Include="../hw/pci/pcie_sriov.c">
      <Filter>hw/pci</Filter>
    </ClCompile>
    <ClCompile Include="../hw/pci/shpc.c">
      <Filter>hw/pci</Filter>
    </ClCompile>
    <ClCompile Include="../hw/pci/slotid_cap.c">
      <Filter>hw/pci</Filter>
    </ClCompile>
    <ClCompile Include="../hw/pci/pcie.c">
      <Filter>hw/pci</Filter>
    </ClCompile>
    <ClCompile Include="../hw/pci/pcie_aer.c">
      <Filter>hw/pci</Filter>
    </ClCompile>
    <ClCompile Include="../hw/pci/pcie_doe.c">
      <Filter>hw/pci</Filter>
    </ClCompile>
    <ClCompile Include="../hw/pci/pci-stub.c">
      <Filter>hw/pci</Filter>
    </ClCompile>
    <ClCompile Include="../hw/pci-bridge/pci_bridge_dev.c">
      <Filter>hw/pci-bridge</Filter>
    </ClCompile>
    <ClCompile Include="../hw/pci-bridge/pci_expander_bridge_stubs.c">
      <Filter>hw/pci-bridge</Filter>
    </ClCompile>
    <ClCompile Include="../hw/pci-host/pam.c">
      <Filter>hw/pci-host</Filter>
    </ClCompile>
    <ClCompile Include="../hw/pci-host/i440fx.c">
      <Filter>hw/pci-host</Filter>
    </ClCompile>
    <ClCompile Include="../hw/scsi/emulation.c">
      <Filter>hw/scsi</Filter>
    </ClCompile>
    <ClCompile Include="../hw/scsi/scsi-bus.c">
      <Filter>hw/scsi</Filter>
    </ClCompile>
    <ClCompile Include="../hw/scsi/scsi-disk.c">
      <Filter>hw/scsi</Filter>
    </ClCompile>
    <ClCompile Include="../hw/scsi/scsi-generic.c">
      <Filter>hw/scsi</Filter>
    </ClCompile>
    <ClCompile Include="../hw/scsi/esp.c">
      <Filter>hw/scsi</Filter>
    </ClCompile>
    <ClCompile Include="../hw/scsi/esp-pci.c">
      <Filter>hw/scsi</Filter>
    </ClCompile>
    <ClCompile Include="../hw/scsi/lsi53c895a.c">
      <Filter>hw/scsi</Filter>
    </ClCompile>
    <ClCompile Include="../hw/scsi/megasas.c">
      <Filter>hw/scsi</Filter>
    </ClCompile>
    <ClCompile Include="../hw/scsi/mptsas.c">
      <Filter>hw/scsi</Filter>
    </ClCompile>
    <ClCompile Include="../hw/scsi/mptconfig.c">
      <Filter>hw/scsi</Filter>
    </ClCompile>
    <ClCompile Include="../hw/scsi/mptendian.c">
      <Filter>hw/scsi</Filter>
    </ClCompile>
    <ClCompile Include="../hw/scsi/vmw_pvscsi.c">
      <Filter>hw/scsi</Filter>
    </ClCompile>
    <ClCompile Include="../hw/sd/sd.c">
      <Filter>hw/sd</Filter>
    </ClCompile>
    <ClCompile Include="../hw/sd/core.c">
      <Filter>hw/sd</Filter>
    </ClCompile>
    <ClCompile Include="../hw/sd/sdmmc-internal.c">
      <Filter>hw/sd</Filter>
    </ClCompile>
    <ClCompile Include="../hw/sd/sdhci.c">
      <Filter>hw/sd</Filter>
    </ClCompile>
    <ClCompile Include="../hw/sd/sdhci-pci.c">
      <Filter>hw/sd</Filter>
    </ClCompile>
    <ClCompile Include="../hw/smbios/smbios-stub.c">
      <Filter>hw/smbios</Filter>
    </ClCompile>
    <ClCompile Include="../hw/smbios/smbios_type_38-stub.c">
      <Filter>hw/smbios</Filter>
    </ClCompile>
    <ClCompile Include="../hw/timer/hpet.c">
      <Filter>hw/timer</Filter>
    </ClCompile>
    <ClCompile Include="../hw/timer/i8254_common.c">
      <Filter>hw/timer</Filter>
    </ClCompile>
    <ClCompile Include="../hw/timer/i8254.c">
      <Filter>hw/timer</Filter>
    </ClCompile>
    <ClCompile Include="../hw/usb/bus.c">
      <Filter>hw/usb</Filter>
    </ClCompile>
    <ClCompile Include="../hw/usb/combined-packet.c">
      <Filter>hw/usb</Filter>
    </ClCompile>
    <ClCompile Include="../hw/usb/core.c">
      <Filter>hw/usb</Filter>
    </ClCompile>
    <ClCompile Include="../hw/usb/desc.c">
      <Filter>hw/usb</Filter>
    </ClCompile>
    <ClCompile Include="../hw/usb/desc-msos.c">
      <Filter>hw/usb</Filter>
    </ClCompile>
    <ClCompile Include="../hw/usb/libhw.c">
      <Filter>hw/usb</Filter>
    </ClCompile>
    <ClCompile Include="../hw/usb/pcap.c">
      <Filter>hw/usb</Filter>
    </ClCompile>
    <ClCompile Include="../hw/usb/hcd-uhci.c">
      <Filter>hw/usb</Filter>
    </ClCompile>
    <ClCompile Include="../hw/usb/hcd-ohci.c">
      <Filter>hw/usb</Filter>
    </ClCompile>
    <ClCompile Include="../hw/usb/hcd-ohci-pci.c">
      <Filter>hw/usb</Filter>
    </ClCompile>
    <ClCompile Include="../hw/usb/hcd-ehci.c">
      <Filter>hw/usb</Filter>
    </ClCompile>
    <ClCompile Include="../hw/usb/hcd-ehci-pci.c">
      <Filter>hw/usb</Filter>
    </ClCompile>
    <ClCompile Include="../hw/usb/hcd-xhci.c">
      <Filter>hw/usb</Filter>
    </ClCompile>
    <ClCompile Include="../hw/usb/hcd-xhci-pci.c">
      <Filter>hw/usb</Filter>
    </ClCompile>
    <ClCompile Include="../hw/usb/hcd-xhci-nec.c">
      <Filter>hw/usb</Filter>
    </ClCompile>
    <ClCompile Include="../hw/usb/imx-usb-phy.c">
      <Filter>hw/usb</Filter>
    </ClCompile>
    <ClCompile Include="../hw/usb/dev-hub.c">
      <Filter>hw/usb</Filter>
    </ClCompile>
    <ClCompile Include="../hw/usb/dev-hid.c">
      <Filter>hw/usb</Filter>
    </ClCompile>
    <ClCompile Include="../hw/usb/dev-wacom.c">
      <Filter>hw/usb</Filter>
    </ClCompile>
    <ClCompile Include="../hw/usb/dev-storage.c">
      <Filter>hw/usb</Filter>
    </ClCompile>
    <ClCompile Include="../hw/usb/dev-storage-bot.c">
      <Filter>hw/usb</Filter>
    </ClCompile>
    <ClCompile Include="../hw/usb/dev-storage-classic.c">
      <Filter>hw/usb</Filter>
    </ClCompile>
    <ClCompile Include="../hw/usb/dev-uas.c">
      <Filter>hw/usb</Filter>
    </ClCompile>
    <ClCompile Include="../hw/usb/dev-audio.c">
      <Filter>hw/usb</Filter>
    </ClCompile>
    <ClCompile Include="../hw/usb/dev-serial.c">
      <Filter>hw/usb</Filter>
    </ClCompile>
    <ClCompile Include="../hw/usb/dev-network.c">
      <Filter>hw/usb</Filter>
    </ClCompile>
    <ClCompile Include="../hw/usb/dev-smartcard-reader.c">
      <Filter>hw/usb</Filter>
    </ClCompile>
    <ClCompile Include="../hw/usb/u2f.c">
      <Filter>hw/usb</Filter>
    </ClCompile>
    <ClCompile Include="../hw/virtio/virtio-bus.c">
      <Filter>hw/virtio</Filter>
    </ClCompile>
    <ClCompile Include="../hw/virtio/virtio-pci.c">
      <Filter>hw/virtio</Filter>
    </ClCompile>
    <ClCompile Include="../hw/virtio/vhost-stub.c">
      <Filter>hw/virtio</Filter>
    </ClCompile>
    <ClCompile Include="../hw/virtio/virtio-stub.c">
      <Filter>hw/virtio</Filter>
    </ClCompile>
    <ClCompile Include="../hw/watchdog/watchdog.c">
      <Filter>hw/watchdog</Filter>
    </ClCompile>
    <ClCompile Include="../hw/watchdog/wdt_i6300esb.c">
      <Filter>hw/watchdog</Filter>
    </ClCompile>
    <ClCompile Include="../hw/watchdog/wdt_ib700.c">
      <Filter>hw/watchdog</Filter>
    </ClCompile>
    <ClCompile Include="../hw/xbox/nv2a/gl/gloffscreen_common.c">
      <Filter>hw/xbox/nv2a/gl</Filter>
    </ClCompile>
    <ClCompile Include="../hw/xbox/nv2a/gl/gloffscreen_sdl.c">
      <Filter>hw/xbox/nv2a/gl</Filter>
    </ClCompile>
    <ClCompile Include="../gdbstub/softmmu.c">
      <Filter>gdbstub</Filter>
    </ClCompile>
    <ClCompile Include="../winpcap-loader/loader.c">
      <Filter>winpcap-loader</Filter>
    </ClCompile>
    <ClCompile Include="../audio/audio.c">
      <Filter>audio</Filter>
    </ClCompile>
    <ClCompile Include="../audio/audio_legacy.c">
      <Filter>audio</Filter>
    </ClCompile>
    <ClCompile Include="../audio/mixeng.c">
      <Filter>audio</Filter>
    </ClCompile>
    <ClCompile Include="../audio/noaudio.c">
      <Filter>audio</Filter>
    </ClCompile>
    <ClCompile Include="../audio/wavaudio.c">
      <Filter>audio</Filter>
    </ClCompile>
    <ClCompile Include="../audio/wavcapture.c">
      <Filter>audio</Filter>
    </ClCompile>
    <ClCompile Include="../audio/dsoundaudio.c">
      <Filter>audio</Filter>
    </ClCompile>
    <ClCompile Include="../audio/audio_win_int.c">
      <Filter>audio</Filter>
    </ClCompile>
    <ClCompile Include="../chardev/msmouse.c">
      <Filter>chardev</Filter>
    </ClCompile>
    <ClCompile Include="../chardev/wctablet.c">
      <Filter>chardev</Filter>
    </ClCompile>
    <ClCompile Include="../chardev/testdev.c">
      <Filter>chardev</Filter>
    </ClCompile>
    <ClCompile Include="../dump/dump-hmp-cmds.c">
      <Filter>dump</Filter>
    </ClCompile>
    <ClCompile Include="../block/blkreplay.c">
      <Filter>block</Filter>
    </ClCompile>
    <ClCompile Include="../block/block-ram-registrar.c">
      <Filter>block</Filter>
    </ClCompile>
    <ClCompile Include="../block/qapi-sysemu.c">
      <Filter>block</Filter>
    </ClCompile>
    <ClCompile Include="../block/monitor/block-hmp-cmds.c">
      <Filter>block\monitor</Filter>
    </ClCompile>
    <ClCompile Include="../softmmu/balloon.c">
      <Filter>softmmu</Filter>
    </ClCompile>
    <ClCompile Include="../softmmu/bootdevice.c">
      <Filter>softmmu</Filter>
    </ClCompile>
    <ClCompile Include="../softmmu/cpus.c">
      <Filter>softmmu</Filter>
    </ClCompile>
    <ClCompile Include="../softmmu/cpu-throttle.c">
      <Filter>softmmu</Filter>
    </ClCompile>
    <ClCompile Include="../softmmu/cpu-timers.c">
      <Filter>softmmu</Filter>
    </ClCompile>
    <ClCompile Include="../softmmu/datadir.c">
      <Filter>softmmu</Filter>
    </ClCompile>
    <ClCompile Include="../softmmu/dma-helpers.c">
      <Filter>softmmu</Filter>
    </ClCompile>
    <ClCompile Include="../softmmu/globals.c">
      <Filter>softmmu</Filter>
    </ClCompile>
    <ClCompile Include="../softmmu/memory_mapping.c">
      <Filter>softmmu</Filter>
    </ClCompile>
    <ClCompile Include="../softmmu/qdev-monitor.c">
      <Filter>softmmu</Filter>
    </ClCompile>
    <ClCompile Include="../softmmu/rtc.c">
      <Filter>softmmu</Filter>
    </ClCompile>
    <ClCompile Include="../softmmu/runstate-action.c">
      <Filter>softmmu</Filter>
    </ClCompile>
    <ClCompile Include="../softmmu/runstate.c">
      <Filter>softmmu</Filter>
    </ClCompile>
    <ClCompile Include="../softmmu/vl.c">
      <Filter>softmmu</Filter>
    </ClCompile>
    <ClCompile Include="../softmmu/device_tree.c">
      <Filter>softmmu</Filter>
    </ClCompile>
    <ClCompile Include="../backends/cryptodev-builtin.c">
      <Filter>backends</Filter>
    </ClCompile>
    <ClCompile Include="../backends/cryptodev.c">
      <Filter>backends</Filter>
    </ClCompile>
    <ClCompile Include="../backends/hostmem-ram.c">
      <Filter>backends</Filter>
    </ClCompile>
    <ClCompile Include="../backends/hostmem.c">
      <Filter>backends</Filter>
    </ClCompile>
    <ClCompile Include="../backends/rng-builtin.c">
      <Filter>backends</Filter>
    </ClCompile>
    <ClCompile Include="../backends/rng-egd.c">
      <Filter>backends</Filter>
    </ClCompile>
    <ClCompile Include="../backends/rng.c">
      <Filter>backends</Filter>
    </ClCompile>
    <ClCompile Include="../backends/confidential-guest-support.c">
      <Filter>backends</Filter>
    </ClCompile>
    <ClCompile Include="../backends/cryptodev-vhost.c">
      <Filter>backends</Filter>
    </ClCompile>
    <ClCompile Include="../migration/page_cache.c">
      <Filter>migration</Filter>
    </ClCompile>
    <ClCompile Include="../migration/xbzrle.c">
      <Filter>migration</Filter>
    </ClCompile>
    <ClCompile Include="../migration/vmstate-types.c">
      <Filter>migration</Filter>
    </ClCompile>
    <ClCompile Include="../migration/vmstate.c">
      <Filter>migration</Filter>
    </ClCompile>
    <ClCompile Include="../migration/qemu-file.c">
      <Filter>migration</Filter>
    </ClCompile>
    <ClCompile Include="../migration/yank_functions.c">
      <Filter>migration</Filter>
    </ClCompile>
    <ClCompile Include="../migration/block-dirty-bitmap.c">
      <Filter>migration</Filter>
    </ClCompile>
    <ClCompile Include="../migration/channel.c">
      <Filter>migration</Filter>
    </ClCompile>
    <ClCompile Include="../migration/channel-block.c">
      <Filter>migration</Filter>
    </ClCompile>
    <ClCompile Include="../migration/colo-failover.c">
      <Filter>migration</Filter>
    </ClCompile>
    <ClCompile Include="../migration/colo.c">
      <Filter>migration</Filter>
    </ClCompile>
    <ClCompile Include="../migration/exec.c">
      <Filter>migration</Filter>
    </ClCompile>
    <ClCompile Include="../migration/fd.c">
      <Filter>migration</Filter>
    </ClCompile>
    <ClCompile Include="../migration/global_state.c">
      <Filter>migration</Filter>
    </ClCompile>
    <ClCompile Include="../migration/migration.c">
      <Filter>migration</Filter>
    </ClCompile>
    <ClCompile Include="../migration/multifd.c">
      <Filter>migration</Filter>
    </ClCompile>
    <ClCompile Include="../migration/multifd-zlib.c">
      <Filter>migration</Filter>
    </ClCompile>
    <ClCompile Include="../migration/postcopy-ram.c">
      <Filter>migration</Filter>
    </ClCompile>
    <ClCompile Include="../migration/savevm.c">
      <Filter>migration</Filter>
    </ClCompile>
    <ClCompile Include="../migration/socket.c">
      <Filter>migration</Filter>
    </ClCompile>
    <ClCompile Include="../migration/tls.c">
      <Filter>migration</Filter>
    </ClCompile>
    <ClCompile Include="../migration/block.c">
      <Filter>migration</Filter>
    </ClCompile>
    <ClCompile Include="../migration/multifd-zstd.c">
      <Filter>migration</Filter>
    </ClCompile>
    <ClCompile Include="../monitor/hmp-cmds.c">
      <Filter>monitor</Filter>
    </ClCompile>
    <ClCompile Include="../monitor/hmp.c">
      <Filter>monitor</Filter>
    </ClCompile>
    <ClCompile Include="../monitor/qmp-cmds.c">
      <Filter>monitor</Filter>
    </ClCompile>
    <ClCompile Include="../net/announce.c">
      <Filter>net</Filter>
    </ClCompile>
    <ClCompile Include="../net/checksum.c">
      <Filter>net</Filter>
    </ClCompile>
    <ClCompile Include="../net/colo-compare.c">
      <Filter>net</Filter>
    </ClCompile>
    <ClCompile Include="../net/colo.c">
      <Filter>net</Filter>
    </ClCompile>
    <ClCompile Include="../net/dump.c">
      <Filter>net</Filter>
    </ClCompile>
    <ClCompile Include="../net/eth.c">
      <Filter>net</Filter>
    </ClCompile>
    <ClCompile Include="../net/filter-buffer.c">
      <Filter>net</Filter>
    </ClCompile>
    <ClCompile Include="../net/filter-mirror.c">
      <Filter>net</Filter>
    </ClCompile>
    <ClCompile Include="../net/filter-rewriter.c">
      <Filter>net</Filter>
    </ClCompile>
    <ClCompile Include="../net/filter.c">
      <Filter>net</Filter>
    </ClCompile>
    <ClCompile Include="../net/hub.c">
      <Filter>net</Filter>
    </ClCompile>
    <ClCompile Include="../net/net.c">
      <Filter>net</Filter>
    </ClCompile>
    <ClCompile Include="../net/queue.c">
      <Filter>net</Filter>
    </ClCompile>
    <ClCompile Include="../net/socket.c">
      <Filter>net</Filter>
    </ClCompile>
    <ClCompile Include="../net/stream.c">
      <Filter>net</Filter>
    </ClCompile>
    <ClCompile Include="../net/dgram.c">
      <Filter>net</Filter>
    </ClCompile>
    <ClCompile Include="../net/util.c">
      <Filter>net</Filter>
    </ClCompile>
    <ClCompile Include="../net/filter-replay.c">
      <Filter>net</Filter>
    </ClCompile>
    <ClCompile Include="../net/slirp.c">
      <Filter>net</Filter>
    </ClCompile>
    <ClCompile Include="../net/tap-win32.c">
      <Filter>net</Filter>
    </ClCompile>
    <ClCompile Include="../net/pcap.c">
      <Filter>net</Filter>
    </ClCompile>
    <ClCompile Include="../net/can/can_core.c">
      <Filter>net\can</Filter>
    </ClCompile>
    <ClCompile Include="../net/can/can_host.c">
      <Filter>net\can</Filter>
    </ClCompile>
    <ClCompile Include="../replay/replay.c">
      <Filter>replay</Filter>
    </ClCompile>
    <ClCompile Include="../replay/replay-internal.c">
      <Filter>replay</Filter>
    </ClCompile>
    <ClCompile Include="../replay/replay-events.c">
      <Filter>replay</Filter>
    </ClCompile>
    <ClCompile Include="../replay/replay-time.c">
      <Filter>replay</Filter>
    </ClCompile>
    <ClCompile Include="../replay/replay-input.c">
      <Filter>replay</Filter>
    </ClCompile>
    <ClCompile Include="../replay/replay-char.c">
      <Filter>replay</Filter>
    </ClCompile>
    <ClCompile Include="../replay/replay-snapshot.c">
      <Filter>replay</Filter>
    </ClCompile>
    <ClCompile Include="../replay/replay-net.c">
      <Filter>replay</Filter>
    </ClCompile>
    <ClCompile Include="../replay/replay-audio.c">
      <Filter>replay</Filter>
    </ClCompile>
    <ClCompile Include="../replay/replay-random.c">
      <Filter>replay</Filter>
    </ClCompile>
    <ClCompile Include="../replay/replay-debugging.c">
      <Filter>replay</Filter>
    </ClCompile>
    <ClCompile Include="../accel/accel-softmmu.c">
      <Filter>accel</Filter>
    </ClCompile>
    <ClCompile Include="../ebpf/ebpf_rss-stub.c">
      <Filter>ebpf</Filter>
    </ClCompile>
    <ClCompile Include="../hw/display/virtio-gpu-base.c">
      <Filter>hw/display</Filter>
    </ClCompile>
    <ClCompile Include="../hw/display/virtio-gpu.c">
      <Filter>hw/display</Filter>
    </ClCompile>
    <ClCompile Include="../hw/display/virtio-gpu-udmabuf-stubs.c">
      <Filter>hw/display</Filter>
    </ClCompile>
    <ClCompile Include="../hw/display/virtio-gpu-pci.c">
      <Filter>hw/display</Filter>
    </ClCompile>
    <ClCompile Include="../hw/display/virtio-vga.c">
      <Filter>hw/display</Filter>
    </ClCompile>
    <ClCompile Include="../audio/sdlaudio.c">
      <Filter>audio</Filter>
    </ClCompile>
    <CLCompile Include="../cpus-common.c" />
    <CLCompile Include="../page-vary-common.c" />
    <CLCompile Include="../os-win32.c" />
  </ItemGroup>
  <ItemGroup>
    <Object Include="data/3a6eb07@@pdata.fa@sta/meson-generated_.._controller_mask.png.c.obj" />
    <Object Include="data/3a6eb07@@pdata.fa@sta/meson-generated_.._logo_sdf.png.c.obj" />
    <Object Include="data/3a6eb07@@pdata.fa@sta/meson-generated_.._xemu_64x64.png.c.obj" />
    <Object Include="data/3a6eb07@@pdata.fa@sta/meson-generated_.._abxy.ttf.c.obj" />
    <Object Include="data/3a6eb07@@pdata.fa@sta/meson-generated_.._Roboto-Medium.ttf.c.obj" />
    <Object Include="data/3a6eb07@@pdata.fa@sta/meson-generated_.._RobotoCondensed-Regular.ttf.c.obj" />
    <Object Include="data/3a6eb07@@pdata.fa@sta/meson-generated_.._font_awesome_6_1_1_solid.otf.c.obj" />
    <Object Include="hwcore.fa@sta/hw_core_bus.c.obj" />
    <Object Include="hwcore.fa@sta/hw_core_qdev-properties.c.obj" />
    <Object Include="hwcore.fa@sta/hw_core_qdev.c.obj" />
    <Object Include="hwcore.fa@sta/hw_core_reset.c.obj" />
    <Object Include="hwcore.fa@sta/hw_core_resettable.c.obj" />
    <Object Include="hwcore.fa@sta/hw_core_vmstate-if.c.obj" />
    <Object Include="hwcore.fa@sta/hw_core_irq.c.obj" />
    <Object Include="hwcore.fa@sta/hw_core_clock.c.obj" />
    <Object Include="hwcore.fa@sta/hw_core_qdev-clock.c.obj" />
    <Object Include="hwcore.fa@sta/hw_core_hotplug.c.obj" />
    <Object Include="hwcore.fa@sta/hw_core_qdev-hotplug.c.obj" />
    <Object Include="qom.fa@sta/qom_container.c.obj" />
    <Object Include="qom.fa@sta/qom_object.c.obj" />
    <Object Include="qom.fa@sta/qom_object_interfaces.c.obj" />
    <Object Include="qom.fa@sta/qom_qom-qobject.c.obj" />
    <Object Include="qom.fa@sta/hw_nvram_fw_cfg-interface.c.obj" />
    <Object Include="event-loop-base@sta/event-loop-base.c.obj" />
    <Object Include="io.fa@sta/io_channel-buffer.c.obj" />
    <Object Include="io.fa@sta/io_channel-command.c.obj" />
    <Object Include="io.fa@sta/io_channel-file.c.obj" />
    <Object Include="io.fa@sta/io_channel-null.c.obj" />
    <Object Include="io.fa@sta/io_channel-socket.c.obj" />
    <Object Include="io.fa@sta/io_channel-tls.c.obj" />
    <Object Include="io.fa@sta/io_channel-util.c.obj" />
    <Object Include="io.fa@sta/io_channel-watch.c.obj" />
    <Object Include="io.fa@sta/io_channel-websock.c.obj" />
    <Object Include="io.fa@sta/io_channel.c.obj" />
    <Object Include="io.fa@sta/io_dns-resolver.c.obj" />
    <Object Include="io.fa@sta/io_net-listener.c.obj" />
    <Object Include="io.fa@sta/io_task.c.obj" />
    <Object Include="crypto.fa@sta/crypto_afsplit.c.obj" />
    <Object Include="crypto.fa@sta/crypto_akcipher.c.obj" />
    <Object Include="crypto.fa@sta/crypto_block-luks.c.obj" />
    <Object Include="crypto.fa@sta/crypto_block-qcow.c.obj" />
    <Object Include="crypto.fa@sta/crypto_block.c.obj" />
    <Object Include="crypto.fa@sta/crypto_cipher.c.obj" />
    <Object Include="crypto.fa@sta/crypto_der.c.obj" />
    <Object Include="crypto.fa@sta/crypto_hash.c.obj" />
    <Object Include="crypto.fa@sta/crypto_hmac.c.obj" />
    <Object Include="crypto.fa@sta/crypto_ivgen-essiv.c.obj" />
    <Object Include="crypto.fa@sta/crypto_ivgen-plain.c.obj" />
    <Object Include="crypto.fa@sta/crypto_ivgen-plain64.c.obj" />
    <Object Include="crypto.fa@sta/crypto_ivgen.c.obj" />
    <Object Include="crypto.fa@sta/crypto_pbkdf.c.obj" />
    <Object Include="crypto.fa@sta/crypto_secret_common.c.obj" />
    <Object Include="crypto.fa@sta/crypto_secret.c.obj" />
    <Object Include="crypto.fa@sta/crypto_tlscreds.c.obj" />
    <Object Include="crypto.fa@sta/crypto_tlscredsanon.c.obj" />
    <Object Include="crypto.fa@sta/crypto_tlscredspsk.c.obj" />
    <Object Include="crypto.fa@sta/crypto_tlscredsx509.c.obj" />
    <Object Include="crypto.fa@sta/crypto_tlssession.c.obj" />
    <Object Include="crypto.fa@sta/crypto_rsakey.c.obj" />
    <Object Include="crypto.fa@sta/crypto_hash-glib.c.obj" />
    <Object Include="crypto.fa@sta/crypto_hmac-glib.c.obj" />
    <Object Include="crypto.fa@sta/crypto_pbkdf-stub.c.obj" />
    <Object Include="authz.fa@sta/authz_base.c.obj" />
    <Object Include="authz.fa@sta/authz_list.c.obj" />
    <Object Include="authz.fa@sta/authz_listfile.c.obj" />
    <Object Include="authz.fa@sta/authz_simple.c.obj" />
    <Object Include="blockdev.fa@sta/nbd_server.c.obj" />
    <Object Include="blockdev.fa@sta/block_export_export.c.obj" />
    <Object Include="blockdev.fa@sta/blockdev.c.obj" />
    <Object Include="blockdev.fa@sta/blockdev-nbd.c.obj" />
    <Object Include="blockdev.fa@sta/iothread.c.obj" />
    <Object Include="blockdev.fa@sta/job-qmp.c.obj" />
    <Object Include="block.fa@sta/block.c.obj" />
    <Object Include="block.fa@sta/blockjob.c.obj" />
    <Object Include="block.fa@sta/job.c.obj" />
    <Object Include="block.fa@sta/qemu-io-cmds.c.obj" />
    <Object Include="block.fa@sta/replication.c.obj" />
    <Object Include="block.fa@sta/nbd_client.c.obj" />
    <Object Include="block.fa@sta/nbd_client-connection.c.obj" />
    <Object Include="block.fa@sta/nbd_common.c.obj" />
    <Object Include="block.fa@sta/scsi_utils.c.obj" />
    <Object Include="block.fa@sta/scsi_pr-manager-stub.c.obj" />
    <Object Include="block.fa@sta/block_accounting.c.obj" />
    <Object Include="block.fa@sta/block_aio_task.c.obj" />
    <Object Include="block.fa@sta/block_amend.c.obj" />
    <Object Include="block.fa@sta/block_backup.c.obj" />
    <Object Include="block.fa@sta/block_copy-before-write.c.obj" />
    <Object Include="block.fa@sta/block_blkdebug.c.obj" />
    <Object Include="block.fa@sta/block_blklogwrites.c.obj" />
    <Object Include="block.fa@sta/block_blkverify.c.obj" />
    <Object Include="block.fa@sta/block_block-backend.c.obj" />
    <Object Include="block.fa@sta/block_block-copy.c.obj" />
    <Object Include="block.fa@sta/block_commit.c.obj" />
    <Object Include="block.fa@sta/block_copy-on-read.c.obj" />
    <Object Include="block.fa@sta/block_preallocate.c.obj" />
    <Object Include="block.fa@sta/block_progress_meter.c.obj" />
    <Object Include="block.fa@sta/block_create.c.obj" />
    <Object Include="block.fa@sta/block_crypto.c.obj" />
    <Object Include="block.fa@sta/block_dirty-bitmap.c.obj" />
    <Object Include="block.fa@sta/block_filter-compress.c.obj" />
    <Object Include="block.fa@sta/block_io.c.obj" />
    <Object Include="block.fa@sta/block_mirror.c.obj" />
    <Object Include="block.fa@sta/block_nbd.c.obj" />
    <Object Include="block.fa@sta/block_null.c.obj" />
    <Object Include="block.fa@sta/block_qapi.c.obj" />
    <Object Include="block.fa@sta/block_qcow2-bitmap.c.obj" />
    <Object Include="block.fa@sta/block_qcow2-cache.c.obj" />
    <Object Include="block.fa@sta/block_qcow2-cluster.c.obj" />
    <Object Include="block.fa@sta/block_qcow2-refcount.c.obj" />
    <Object Include="block.fa@sta/block_qcow2-snapshot.c.obj" />
    <Object Include="block.fa@sta/block_qcow2-threads.c.obj" />
    <Object Include="block.fa@sta/block_qcow2.c.obj" />
    <Object Include="block.fa@sta/block_quorum.c.obj" />
    <Object Include="block.fa@sta/block_raw-format.c.obj" />
    <Object Include="block.fa@sta/block_reqlist.c.obj" />
    <Object Include="block.fa@sta/block_snapshot.c.obj" />
    <Object Include="block.fa@sta/block_snapshot-access.c.obj" />
    <Object Include="block.fa@sta/block_throttle-groups.c.obj" />
    <Object Include="block.fa@sta/block_throttle.c.obj" />
    <Object Include="block.fa@sta/block_vhdx-endian.c.obj" />
    <Object Include="block.fa@sta/block_vhdx-log.c.obj" />
    <Object Include="block.fa@sta/block_vhdx.c.obj" />
    <Object Include="block.fa@sta/block_vmdk.c.obj" />
    <Object Include="block.fa@sta/block_vpc.c.obj" />
    <Object Include="block.fa@sta/block_write-threshold.c.obj" />
    <Object Include="block.fa@sta/block_qcow.c.obj" />
    <Object Include="block.fa@sta/block_vdi.c.obj" />
    <Object Include="block.fa@sta/block_cloop.c.obj" />
    <Object Include="block.fa@sta/block_bochs.c.obj" />
    <Object Include="block.fa@sta/block_vvfat.c.obj" />
    <Object Include="block.fa@sta/block_dmg.c.obj" />
    <Object Include="block.fa@sta/block_qed-check.c.obj" />
    <Object Include="block.fa@sta/block_qed-cluster.c.obj" />
    <Object Include="block.fa@sta/block_qed-l2-cache.c.obj" />
    <Object Include="block.fa@sta/block_qed-table.c.obj" />
    <Object Include="block.fa@sta/block_qed.c.obj" />
    <Object Include="block.fa@sta/block_parallels.c.obj" />
    <Object Include="block.fa@sta/block_parallels-ext.c.obj" />
    <Object Include="block.fa@sta/block_file-win32.c.obj" />
    <Object Include="block.fa@sta/block_win32-aio.c.obj" />
    <Object Include="block.fa@sta/block_replication.c.obj" />
    <Object Include="block.fa@sta/block_stream.c.obj" />
    <Object Include="block.fa@sta/block_monitor_bitmap-qmp-cmds.c.obj" />
    <Object Include="block.fa@sta/block_curl.c.obj" />
    <Object Include="block.fa@sta/meson-generated_.._block_block-gen.c.obj" />
    <Object Include="chardev.fa@sta/chardev_char-fe.c.obj" />
    <Object Include="chardev.fa@sta/chardev_char-file.c.obj" />
    <Object Include="chardev.fa@sta/chardev_char-io.c.obj" />
    <Object Include="chardev.fa@sta/chardev_char-mux.c.obj" />
    <Object Include="chardev.fa@sta/chardev_char-null.c.obj" />
    <Object Include="chardev.fa@sta/chardev_char-pipe.c.obj" />
    <Object Include="chardev.fa@sta/chardev_char-ringbuf.c.obj" />
    <Object Include="chardev.fa@sta/chardev_char-serial.c.obj" />
    <Object Include="chardev.fa@sta/chardev_char-socket.c.obj" />
    <Object Include="chardev.fa@sta/chardev_char-stdio.c.obj" />
    <Object Include="chardev.fa@sta/chardev_char-udp.c.obj" />
    <Object Include="chardev.fa@sta/chardev_char.c.obj" />
    <Object Include="chardev.fa@sta/chardev_char-console.c.obj" />
    <Object Include="chardev.fa@sta/chardev_char-win-stdio.c.obj" />
    <Object Include="chardev.fa@sta/chardev_char-win.c.obj" />
    <Object Include="qmp.fa@sta/qom_qom-qmp-cmds.c.obj" />
    <Object Include="qmp.fa@sta/monitor_monitor.c.obj" />
    <Object Include="qmp.fa@sta/monitor_qmp.c.obj" />
    <Object Include="qmp.fa@sta/monitor_qmp-cmds-control.c.obj" />
    <Object Include="version.rc_version.res" />
  </ItemGroup>
  <ItemGroup>
    <CLInclude Include="config-host.h" />
    <CLInclude Include="config-poison.h" />
    <CLInclude Include="qemu-version.h" />
    <CLInclude Include="xemu-version-macro.h" />
    <CLInclude Include="xemu-config.h" />
    <CLInclude Include="qemu-options.def" />
    <CLInclude Include="qemu-img-cmds.h" />
    <CLInclude Include="hmp-commands.h" />
    <CLInclude Include="hmp-commands-info.h" />
    <CLInclude Include="qapi/qapi-builtin-types.h" />
    <CLInclude Include="qapi/qapi-builtin-visit.h" />
    <CLInclude Include="qapi/qapi-types-authz.h" />
    <CLInclude Include="qapi/qapi-visit-authz.h" />
    <CLInclude Include="qapi/qapi-events-authz.h" />
    <CLInclude Include="qapi/qapi-commands-authz.h" />
    <CLInclude Include="qapi/qapi-types-block.h" />
    <CLInclude Include="qapi/qapi-visit-block.h" />
    <CLInclude Include="qapi/qapi-events-block.h" />
    <CLInclude Include="qapi/qapi-commands-block.h" />
    <CLInclude Include="qapi/qapi-types-block-core.h" />
    <CLInclude Include="qapi/qapi-visit-block-core.h" />
    <CLInclude Include="qapi/qapi-events-block-core.h" />
    <CLInclude Include="qapi/qapi-commands-block-core.h" />
    <CLInclude Include="qapi/qapi-types-block-export.h" />
    <CLInclude Include="qapi/qapi-visit-block-export.h" />
    <CLInclude Include="qapi/qapi-events-block-export.h" />
    <CLInclude Include="qapi/qapi-commands-block-export.h" />
    <CLInclude Include="qapi/qapi-types-char.h" />
    <CLInclude Include="qapi/qapi-visit-char.h" />
    <CLInclude Include="qapi/qapi-events-char.h" />
    <CLInclude Include="qapi/qapi-commands-char.h" />
    <CLInclude Include="qapi/qapi-types-common.h" />
    <CLInclude Include="qapi/qapi-visit-common.h" />
    <CLInclude Include="qapi/qapi-events-common.h" />
    <CLInclude Include="qapi/qapi-commands-common.h" />
    <CLInclude Include="qapi/qapi-types-compat.h" />
    <CLInclude Include="qapi/qapi-visit-compat.h" />
    <CLInclude Include="qapi/qapi-events-compat.h" />
    <CLInclude Include="qapi/qapi-commands-compat.h" />
    <CLInclude Include="qapi/qapi-types-control.h" />
    <CLInclude Include="qapi/qapi-visit-control.h" />
    <CLInclude Include="qapi/qapi-events-control.h" />
    <CLInclude Include="qapi/qapi-commands-control.h" />
    <CLInclude Include="qapi/qapi-types-crypto.h" />
    <CLInclude Include="qapi/qapi-visit-crypto.h" />
    <CLInclude Include="qapi/qapi-events-crypto.h" />
    <CLInclude Include="qapi/qapi-commands-crypto.h" />
    <CLInclude Include="qapi/qapi-types-dump.h" />
    <CLInclude Include="qapi/qapi-visit-dump.h" />
    <CLInclude Include="qapi/qapi-events-dump.h" />
    <CLInclude Include="qapi/qapi-commands-dump.h" />
    <CLInclude Include="qapi/qapi-types-error.h" />
    <CLInclude Include="qapi/qapi-visit-error.h" />
    <CLInclude Include="qapi/qapi-events-error.h" />
    <CLInclude Include="qapi/qapi-commands-error.h" />
    <CLInclude Include="qapi/qapi-types-introspect.h" />
    <CLInclude Include="qapi/qapi-visit-introspect.h" />
    <CLInclude Include="qapi/qapi-events-introspect.h" />
    <CLInclude Include="qapi/qapi-commands-introspect.h" />
    <CLInclude Include="qapi/qapi-types-job.h" />
    <CLInclude Include="qapi/qapi-visit-job.h" />
    <CLInclude Include="qapi/qapi-events-job.h" />
    <CLInclude Include="qapi/qapi-commands-job.h" />
    <CLInclude Include="qapi/qapi-types-machine.h" />
    <CLInclude Include="qapi/qapi-visit-machine.h" />
    <CLInclude Include="qapi/qapi-events-machine.h" />
    <CLInclude Include="qapi/qapi-commands-machine.h" />
    <CLInclude Include="qapi/qapi-types-migration.h" />
    <CLInclude Include="qapi/qapi-visit-migration.h" />
    <CLInclude Include="qapi/qapi-events-migration.h" />
    <CLInclude Include="qapi/qapi-commands-migration.h" />
    <CLInclude Include="qapi/qapi-types-misc.h" />
    <CLInclude Include="qapi/qapi-visit-misc.h" />
    <CLInclude Include="qapi/qapi-events-misc.h" />
    <CLInclude Include="qapi/qapi-commands-misc.h" />
    <CLInclude Include="qapi/qapi-types-net.h" />
    <CLInclude Include="qapi/qapi-visit-net.h" />
    <CLInclude Include="qapi/qapi-events-net.h" />
    <CLInclude Include="qapi/qapi-commands-net.h" />
    <CLInclude Include="qapi/qapi-types-pragma.h" />
    <CLInclude Include="qapi/qapi-visit-pragma.h" />
    <CLInclude Include="qapi/qapi-events-pragma.h" />
    <CLInclude Include="qapi/qapi-commands-pragma.h" />
    <CLInclude Include="qapi/qapi-types-qom.h" />
    <CLInclude Include="qapi/qapi-visit-qom.h" />
    <CLInclude Include="qapi/qapi-events-qom.h" />
    <CLInclude Include="qapi/qapi-commands-qom.h" />
    <CLInclude Include="qapi/qapi-types-replay.h" />
    <CLInclude Include="qapi/qapi-visit-replay.h" />
    <CLInclude Include="qapi/qapi-events-replay.h" />
    <CLInclude Include="qapi/qapi-commands-replay.h" />
    <CLInclude Include="qapi/qapi-types-run-state.h" />
    <CLInclude Include="qapi/qapi-visit-run-state.h" />
    <CLInclude Include="qapi/qapi-events-run-state.h" />
    <CLInclude Include="qapi/qapi-commands-run-state.h" />
    <CLInclude Include="qapi/qapi-types-sockets.h" />
    <CLInclude Include="qapi/qapi-visit-sockets.h" />
    <CLInclude Include="qapi/qapi-events-sockets.h" />
    <CLInclude Include="qapi/qapi-commands-sockets.h" />
    <CLInclude Include="qapi/qapi-types-stats.h" />
    <CLInclude Include="qapi/qapi-visit-stats.h" />
    <CLInclude Include="qapi/qapi-events-stats.h" />
    <CLInclude Include="qapi/qapi-commands-stats.h" />
    <CLInclude Include="qapi/qapi-types-trace.h" />
    <CLInclude Include="qapi/qapi-visit-trace.h" />
    <CLInclude Include="qapi/qapi-events-trace.h" />
    <CLInclude Include="qapi/qapi-commands-trace.h" />
    <CLInclude Include="qapi/qapi-types-transaction.h" />
    <CLInclude Include="qapi/qapi-visit-transaction.h" />
    <CLInclude Include="qapi/qapi-events-transaction.h" />
    <CLInclude Include="qapi/qapi-commands-transaction.h" />
    <CLInclude Include="qapi/qapi-types-virtio.h" />
    <CLInclude Include="qapi/qapi-visit-virtio.h" />
    <CLInclude Include="qapi/qapi-events-virtio.h" />
    <CLInclude Include="qapi/qapi-commands-virtio.h" />
    <CLInclude Include="qapi/qapi-types-yank.h" />
    <CLInclude Include="qapi/qapi-visit-yank.h" />
    <CLInclude Include="qapi/qapi-events-yank.h" />
    <CLInclude Include="qapi/qapi-commands-yank.h" />
    <CLInclude Include="qapi/qapi-types-acpi.h" />
    <CLInclude Include="qapi/qapi-visit-acpi.h" />
    <CLInclude Include="qapi/qapi-events-acpi.h" />
    <CLInclude Include="qapi/qapi-commands-acpi.h" />
    <CLInclude Include="qapi/qapi-types-audio.h" />
    <CLInclude Include="qapi/qapi-visit-audio.h" />
    <CLInclude Include="qapi/qapi-events-audio.h" />
    <CLInclude Include="qapi/qapi-commands-audio.h" />
    <CLInclude Include="qapi/qapi-types-qdev.h" />
    <CLInclude Include="qapi/qapi-visit-qdev.h" />
    <CLInclude Include="qapi/qapi-events-qdev.h" />
    <CLInclude Include="qapi/qapi-commands-qdev.h" />
    <CLInclude Include="qapi/qapi-types-pci.h" />
    <CLInclude Include="qapi/qapi-visit-pci.h" />
    <CLInclude Include="qapi/qapi-events-pci.h" />
    <CLInclude Include="qapi/qapi-commands-pci.h" />
    <CLInclude Include="qapi/qapi-types-rdma.h" />
    <CLInclude Include="qapi/qapi-visit-rdma.h" />
    <CLInclude Include="qapi/qapi-events-rdma.h" />
    <CLInclude Include="qapi/qapi-commands-rdma.h" />
    <CLInclude Include="qapi/qapi-types-rocker.h" />
    <CLInclude Include="qapi/qapi-visit-rocker.h" />
    <CLInclude Include="qapi/qapi-events-rocker.h" />
    <CLInclude Include="qapi/qapi-commands-rocker.h" />
    <CLInclude Include="qapi/qapi-types-tpm.h" />
    <CLInclude Include="qapi/qapi-visit-tpm.h" />
    <CLInclude Include="qapi/qapi-events-tpm.h" />
    <CLInclude Include="qapi/qapi-commands-tpm.h" />
    <CLInclude Include="qapi/qapi-types-ui.h" />
    <CLInclude Include="qapi/qapi-visit-ui.h" />
    <CLInclude Include="qapi/qapi-events-ui.h" />
    <CLInclude Include="qapi/qapi-commands-ui.h" />
    <CLInclude Include="qapi/qapi-types-machine-target.h" />
    <CLInclude Include="qapi/qapi-visit-machine-target.h" />
    <CLInclude Include="qapi/qapi-events-machine-target.h" />
    <CLInclude Include="qapi/qapi-commands-machine-target.h" />
    <CLInclude Include="qapi/qapi-types-misc-target.h" />
    <CLInclude Include="qapi/qapi-visit-misc-target.h" />
    <CLInclude Include="qapi/qapi-events-misc-target.h" />
    <CLInclude Include="qapi/qapi-commands-misc-target.h" />
    <CLInclude Include="qapi/qapi-introspect.h" />
    <CLInclude Include="qapi/qapi-types.h" />
    <CLInclude Include="qapi/qapi-visit.h" />
    <CLInclude Include="qapi/qapi-commands.h" />
    <CLInclude Include="qapi/qapi-init-commands.h" />
    <CLInclude Include="qapi/qapi-events.h" />
    <CLInclude Include="qapi/qapi-emit-events.h" />
    <CLInclude Include="trace/trace-root.h" />
    <CLInclude Include="trace/trace-crypto.h" />
    <CLInclude Include="trace/trace-qapi.h" />
    <CLInclude Include="trace/trace-qom.h" />
    <CLInclude Include="trace/trace-monitor.h" />
    <CLInclude Include="trace/trace-util.h" />
    <CLInclude Include="trace/trace-gdbstub.h" />
    <CLInclude Include="trace/trace-authz.h" />
    <CLInclude Include="trace/trace-block.h" />
    <CLInclude Include="trace/trace-io.h" />
    <CLInclude Include="trace/trace-nbd.h" />
    <CLInclude Include="trace/trace-scsi.h" />
    <CLInclude Include="trace/trace-accel_kvm.h" />
    <CLInclude Include="trace/trace-audio.h" />
    <CLInclude Include="trace/trace-backends.h" />
    <CLInclude Include="trace/trace-backends_tpm.h" />
    <CLInclude Include="trace/trace-chardev.h" />
    <CLInclude Include="trace/trace-ebpf.h" />
    <CLInclude Include="trace/trace-hw_9pfs.h" />
    <CLInclude Include="trace/trace-hw_acpi.h" />
    <CLInclude Include="trace/trace-hw_adc.h" />
    <CLInclude Include="trace/trace-hw_alpha.h" />
    <CLInclude Include="trace/trace-hw_arm.h" />
    <CLInclude Include="trace/trace-hw_audio.h" />
    <CLInclude Include="trace/trace-hw_block.h" />
    <CLInclude Include="trace/trace-hw_block_dataplane.h" />
    <CLInclude Include="trace/trace-hw_char.h" />
    <CLInclude Include="trace/trace-hw_display.h" />
    <CLInclude Include="trace/trace-hw_dma.h" />
    <CLInclude Include="trace/trace-hw_hyperv.h" />
    <CLInclude Include="trace/trace-hw_i2c.h" />
    <CLInclude Include="trace/trace-hw_i386.h" />
    <CLInclude Include="trace/trace-hw_i386_xen.h" />
    <CLInclude Include="trace/trace-hw_ide.h" />
    <CLInclude Include="trace/trace-hw_input.h" />
    <CLInclude Include="trace/trace-hw_intc.h" />
    <CLInclude Include="trace/trace-hw_isa.h" />
    <CLInclude Include="trace/trace-hw_mem.h" />
    <CLInclude Include="trace/trace-hw_mips.h" />
    <CLInclude Include="trace/trace-hw_misc.h" />
    <CLInclude Include="trace/trace-hw_misc_macio.h" />
    <CLInclude Include="trace/trace-hw_net.h" />
    <CLInclude Include="trace/trace-hw_net_can.h" />
    <CLInclude Include="trace/trace-hw_nubus.h" />
    <CLInclude Include="trace/trace-hw_nvme.h" />
    <CLInclude Include="trace/trace-hw_nvram.h" />
    <CLInclude Include="trace/trace-hw_pci.h" />
    <CLInclude Include="trace/trace-hw_pci_host.h" />
    <CLInclude Include="trace/trace-hw_ppc.h" />
    <CLInclude Include="trace/trace-hw_rdma.h" />
    <CLInclude Include="trace/trace-hw_rdma_vmw.h" />
    <CLInclude Include="trace/trace-hw_rtc.h" />
    <CLInclude Include="trace/trace-hw_s390x.h" />
    <CLInclude Include="trace/trace-hw_scsi.h" />
    <CLInclude Include="trace/trace-hw_sd.h" />
    <CLInclude Include="trace/trace-hw_sh4.h" />
    <CLInclude Include="trace/trace-hw_sparc.h" />
    <CLInclude Include="trace/trace-hw_sparc64.h" />
    <CLInclude Include="trace/trace-hw_ssi.h" />
    <CLInclude Include="trace/trace-hw_timer.h" />
    <CLInclude Include="trace/trace-hw_tpm.h" />
    <CLInclude Include="trace/trace-hw_usb.h" />
    <CLInclude Include="trace/trace-hw_vfio.h" />
    <CLInclude Include="trace/trace-hw_virtio.h" />
    <CLInclude Include="trace/trace-hw_watchdog.h" />
    <CLInclude Include="trace/trace-hw_xen.h" />
    <CLInclude Include="trace/trace-hw_gpio.h" />
    <CLInclude Include="trace/trace-migration.h" />
    <CLInclude Include="trace/trace-net.h" />
    <CLInclude Include="trace/trace-softmmu.h" />
    <CLInclude Include="trace/trace-ui.h" />
    <CLInclude Include="trace/trace-hw_remote.h" />
    <CLInclude Include="trace/trace-hw_xbox_nv2a.h" />
    <CLInclude Include="trace/trace-hw_xbox_mcpx.h" />
    <CLInclude Include="trace/trace-hw_xbox.h" />
    <CLInclude Include="trace/trace-accel_tcg.h" />
    <CLInclude Include="trace/trace-hw_core.h" />
    <CLInclude Include="trace/trace-target_arm.h" />
    <CLInclude Include="trace/trace-target_arm_hvf.h" />
    <CLInclude Include="trace/trace-target_hppa.h" />
    <CLInclude Include="trace/trace-target_i386.h" />
    <CLInclude Include="trace/trace-target_i386_kvm.h" />
    <CLInclude Include="trace/trace-target_mips_tcg.h" />
    <CLInclude Include="trace/trace-target_nios2.h" />
    <CLInclude Include="trace/trace-target_ppc.h" />
    <CLInclude Include="trace/trace-target_riscv.h" />
    <CLInclude Include="trace/trace-target_s390x.h" />
    <CLInclude Include="trace/trace-target_s390x_kvm.h" />
    <CLInclude Include="trace/trace-target_sparc.h" />
    <CLInclude Include="trace/trace-qapi_commands_authz_trace_events.h" />
    <CLInclude Include="trace/trace-qapi_commands_block_trace_events.h" />
    <CLInclude Include="trace/trace-qapi_commands_block_core_trace_events.h" />
    <CLInclude Include="trace/trace-qapi_commands_block_export_trace_events.h" />
    <CLInclude Include="trace/trace-qapi_commands_char_trace_events.h" />
    <CLInclude Include="trace/trace-qapi_commands_common_trace_events.h" />
    <CLInclude Include="trace/trace-qapi_commands_compat_trace_events.h" />
    <CLInclude Include="trace/trace-qapi_commands_control_trace_events.h" />
    <CLInclude Include="trace/trace-qapi_commands_crypto_trace_events.h" />
    <CLInclude Include="trace/trace-qapi_commands_dump_trace_events.h" />
    <CLInclude Include="trace/trace-qapi_commands_error_trace_events.h" />
    <CLInclude Include="trace/trace-qapi_commands_introspect_trace_events.h" />
    <CLInclude Include="trace/trace-qapi_commands_job_trace_events.h" />
    <CLInclude Include="trace/trace-qapi_commands_machine_trace_events.h" />
    <CLInclude Include="trace/trace-qapi_commands_migration_trace_events.h" />
    <CLInclude Include="trace/trace-qapi_commands_misc_trace_events.h" />
    <CLInclude Include="trace/trace-qapi_commands_net_trace_events.h" />
    <CLInclude Include="trace/trace-qapi_commands_pragma_trace_events.h" />
    <CLInclude Include="trace/trace-qapi_commands_qom_trace_events.h" />
    <CLInclude Include="trace/trace-qapi_commands_replay_trace_events.h" />
    <CLInclude Include="trace/trace-qapi_commands_run_state_trace_events.h" />
    <CLInclude Include="trace/trace-qapi_commands_sockets_trace_events.h" />
    <CLInclude Include="trace/trace-qapi_commands_stats_trace_events.h" />
    <CLInclude Include="trace/trace-qapi_commands_trace_trace_events.h" />
    <CLInclude Include="trace/trace-qapi_commands_transaction_trace_events.h" />
    <CLInclude Include="trace/trace-qapi_commands_virtio_trace_events.h" />
    <CLInclude Include="trace/trace-qapi_commands_yank_trace_events.h" />
    <CLInclude Include="trace/trace-qapi_commands_acpi_trace_events.h" />
    <CLInclude Include="trace/trace-qapi_commands_audio_trace_events.h" />
    <CLInclude Include="trace/trace-qapi_commands_qdev_trace_events.h" />
    <CLInclude Include="trace/trace-qapi_commands_pci_trace_events.h" />
    <CLInclude Include="trace/trace-qapi_commands_rdma_trace_events.h" />
    <CLInclude Include="trace/trace-qapi_commands_rocker_trace_events.h" />
    <CLInclude Include="trace/trace-qapi_commands_tpm_trace_events.h" />
    <CLInclude Include="trace/trace-qapi_commands_ui_trace_events.h" />
    <CLInclude Include="trace/trace-qapi_commands_machine_target_trace_events.h" />
    <CLInclude Include="trace/trace-qapi_commands_misc_target_trace_events.h" />
    <CLInclude Include="ui/input-keymap-atset1-to-qcode.c.inc" />
    <CLInclude Include="ui/input-keymap-linux-to-qcode.c.inc" />
    <CLInclude Include="ui/input-keymap-qcode-to-atset1.c.inc" />
    <CLInclude Include="ui/input-keymap-qcode-to-atset2.c.inc" />
    <CLInclude Include="ui/input-keymap-qcode-to-atset3.c.inc" />
    <CLInclude Include="ui/input-keymap-qcode-to-linux.c.inc" />
    <CLInclude Include="ui/input-keymap-qcode-to-qnum.c.inc" />
    <CLInclude Include="ui/input-keymap-qcode-to-sun.c.inc" />
    <CLInclude Include="ui/input-keymap-qnum-to-qcode.c.inc" />
    <CLInclude Include="ui/input-keymap-usb-to-qcode.c.inc" />
    <CLInclude Include="ui/input-keymap-win32-to-qcode.c.inc" />
    <CLInclude Include="ui/input-keymap-x11-to-qcode.c.inc" />
    <CLInclude Include="ui/input-keymap-xorgevdev-to-qcode.c.inc" />
    <CLInclude Include="ui/input-keymap-xorgkbd-to-qcode.c.inc" />
    <CLInclude Include="ui/input-keymap-xorgxquartz-to-qcode.c.inc" />
    <CLInclude Include="ui/input-keymap-xorgxwin-to-qcode.c.inc" />
    <CLInclude Include="ui/input-keymap-osx-to-qcode.c.inc" />
    <CLInclude Include="ui/shader/texture-blit-frag.h" />
    <CLInclude Include="ui/shader/texture-blit-vert.h" />
    <CLInclude Include="ui/shader/texture-blit-flip-vert.h" />
    <CLInclude Include="ui/shader/xemu-logo-frag.h" />
    <CLInclude Include="data/controller_mask.png.h" />
    <CLInclude Include="data/logo_sdf.png.h" />
    <CLInclude Include="data/xemu_64x64.png.h" />
    <CLInclude Include="data/abxy.ttf.h" />
    <CLInclude Include="data/Roboto-Medium.ttf.h" />
    <CLInclude Include="data/RobotoCondensed-Regular.ttf.h" />
    <CLInclude Include="data/font_awesome_6_1_1_solid.otf.h" />
  </ItemGroup>
  <ItemGroup>
    <None Include="../meson.build" />
  </ItemGroup>
</Project>