<?xml version="1.0" ?>
<Project xmlns="http://schemas.microsoft.com/developer/msbuild/2003" ToolsVersion="4.0">
	<ItemGroup>
		<Filter Include="softmmu">
			<UniqueIdentifier>{17FBB649-918E-46A6-95FB-A4F6523D8BB9}</UniqueIdentifier>
		</Filter>
	</ItemGroup>
	<ItemGroup>
		<ClCompile Include="../softmmu/main.c">
			<Filter>softmmu</Filter>
		</ClCompile>
	</ItemGroup>
</Project>
