<?xml version="1.0" ?>
<Project xmlns="http://schemas.microsoft.com/developer/msbuild/2003" ToolsVersion="4.0">
	<ItemGroup>
		<Filter Include="softmmu">
			<UniqueIdentifier>{BD2929E5-EB78-4850-A014-12F46C71B322}</UniqueIdentifier>
		</Filter>
	</ItemGroup>
	<ItemGroup>
		<ClCompile Include="../softmmu/main.c">
			<Filter>softmmu</Filter>
		</ClCompile>
	</ItemGroup>
</Project>
