<?xml version="1.0" ?>
<Project xmlns="http://schemas.microsoft.com/developer/msbuild/2003" ToolsVersion="4.0">
	<ItemGroup>
		<Filter Include="softmmu">
			<UniqueIdentifier>{54E436A7-73F2-4178-B474-39C81CABC745}</UniqueIdentifier>
		</Filter>
	</ItemGroup>
	<ItemGroup>
		<ClCompile Include="../softmmu/main.c">
			<Filter>softmmu</Filter>
		</ClCompile>
	</ItemGroup>
</Project>
