<?xml version="1.0" ?>
<Project xmlns="http://schemas.microsoft.com/developer/msbuild/2003" ToolsVersion="4.0">
	<ItemGroup>
		<Filter Include="../..">
			<UniqueIdentifier>{1341A3C7-7F75-4939-80CE-01B664FB8BA6}</UniqueIdentifier>
		</Filter>
	</ItemGroup>
	<ItemGroup>
		<ClInclude Include="../../config-host.h">
			<Filter>../..</Filter>
		</ClInclude>
		<ClInclude Include="../../config-host.h">
			<Filter>../..</Filter>
		</ClInclude>
	</ItemGroup>
</Project>
