<?xml version="1.0" ?>
<Project xmlns="http://schemas.microsoft.com/developer/msbuild/2003" ToolsVersion="4.0">
	<ItemGroup>
		<Filter Include="../..">
			<UniqueIdentifier>{8CA56063-2C47-49FA-A388-6015A67899E8}</UniqueIdentifier>
		</Filter>
	</ItemGroup>
	<ItemGroup>
		<ClInclude Include="../../config-host.h">
			<Filter>../..</Filter>
		</ClInclude>
		<ClInclude Include="../../config-host.h">
			<Filter>../..</Filter>
		</ClInclude>
	</ItemGroup>
</Project>
