<?xml version="1.0" ?>
<Project xmlns="http://schemas.microsoft.com/developer/msbuild/2003" ToolsVersion="4.0">
	<ItemGroup>
		<Filter Include="../..">
			<UniqueIdentifier>{6750F00B-FADF-45D3-8FAA-A550065C1E2F}</UniqueIdentifier>
		</Filter>
	</ItemGroup>
	<ItemGroup>
		<ClInclude Include="../../config-host.h">
			<Filter>../..</Filter>
		</ClInclude>
		<ClInclude Include="../../config-host.h">
			<Filter>../..</Filter>
		</ClInclude>
	</ItemGroup>
</Project>
