<?xml version="1.0" ?>
<Project xmlns="http://schemas.microsoft.com/developer/msbuild/2003" ToolsVersion="4.0">
	<ItemGroup>
		<Filter Include="../..">
			<UniqueIdentifier>{4F5DAFA4-A824-4998-AA63-291618EA1DA6}</UniqueIdentifier>
		</Filter>
	</ItemGroup>
	<ItemGroup>
		<ClInclude Include="../../config-host.h">
			<Filter>../..</Filter>
		</ClInclude>
		<ClInclude Include="../../config-host.h">
			<Filter>../..</Filter>
		</ClInclude>
		<ClInclude Include="../../config-host.h">
			<Filter>../..</Filter>
		</ClInclude>
	</ItemGroup>
</Project>
