<?xml version="1.0" ?>
<Project xmlns="http://schemas.microsoft.com/developer/msbuild/2003" ToolsVersion="4.0">
	<ItemGroup>
		<Filter Include="../qtest/libqos">
			<UniqueIdentifier>{72B101AB-CC3E-42DD-A104-2087702E2B83}</UniqueIdentifier>
		</Filter>
		<Filter Include="../..">
			<UniqueIdentifier>{1BB4C544-FF87-45D7-A847-BEA4FA5864DF}</UniqueIdentifier>
		</Filter>
	</ItemGroup>
	<ItemGroup>
		<ClCompile Include="../../../tests/unit/../qtest/libqos/qgraph.c">
			<Filter>../qtest/libqos</Filter>
		</ClCompile>
		<ClInclude Include="../../config-host.h">
			<Filter>../..</Filter>
		</ClInclude>
		<ClInclude Include="../../config-host.h">
			<Filter>../..</Filter>
		</ClInclude>
	</ItemGroup>
</Project>
